#MicroXplorer Configuration settings - do not modify
Mcu.Family=STM32F0
ProjectManager.MainLocation=Core/Src
PA6.Mode=Full_Duplex_Slave
ProjectManager.ProjectFileName=safety-Interchip.ioc
PA7.Mode=Full_Duplex_Slave
ProjectManager.KeepUserCode=true
Mcu.UserName=STM32F030RCTx
Mcu.PinsNb=8
SPI1.VirtualType=VM_SLAVE
ProjectManager.NoMain=false
PC11.Locked=true
SPI1.IPParameters=VirtualType,Mode,Direction,VirtualNSS,DataSize,TIMode,CLKPolarity,CLKPhase
PC12.Locked=true
PC10.Locked=true
RCC.PLLCLKFreq_Value=16000000
PC12.Signal=GPIO_Output
PC11.Signal=GPIO_Output
PC10.Signal=GPIO_Output
ProjectManager.functionlistsort=1-MX_GPIO_Init-GPIO-false-HAL-true,2-SystemClock_Config-RCC-false-HAL-false,3-MX_SPI1_Init-SPI1-false-HAL-true
ProjectManager.DefaultFWLocation=true
SPI1.CLKPhase=SPI_PHASE_2EDGE
NVIC.SVC_IRQn=true\:0\:0\:false\:false\:true\:false\:false
ProjectManager.DeletePrevious=true
SPI1.TIMode=SPI_TIMODE_DISABLE
PinOutPanel.RotationAngle=0
RCC.FamilyName=M
ProjectManager.StackSize=0x400
Mcu.IP2=SPI1
Mcu.IP3=SYS
Mcu.IP0=NVIC
Mcu.IP1=RCC
SPI1.CLKPolarity=SPI_POLARITY_HIGH
Mcu.UserConstants=
ProjectManager.TargetToolchain=STM32CubeIDE
PA4.Mode=NSS_Signal_Hard_Input
Mcu.ThirdPartyNb=0
SPI1.Direction=SPI_DIRECTION_2LINES
Mcu.IPNb=4
ProjectManager.PreviousToolchain=
Mcu.Pin6=PC12
Mcu.Pin7=VP_SYS_VS_Systick
ProjectManager.RegisterCallBack=
Mcu.Pin0=PA4
Mcu.Pin1=PA5
Mcu.Pin2=PA6
Mcu.Pin3=PA7
Mcu.Pin4=PC10
Mcu.Pin5=PC11
PA5.Signal=SPI1_SCK
ProjectManager.ProjectBuild=false
board=custom
PA4.Locked=true
NVIC.SysTick_IRQn=true\:0\:0\:false\:false\:true\:false\:true
ProjectManager.LastFirmware=true
RCC.VCOOutput2Freq_Value=8000000
NVIC.SPI1_IRQn=true\:0\:0\:false\:false\:true\:true\:true
ProjectManager.FirmwarePackage=STM32Cube FW_F0 V1.11.2
MxDb.Version=DB.6.0.21
ProjectManager.BackupPrevious=false
MxCube.Version=6.2.1
SPI1.Mode=SPI_MODE_SLAVE
SPI1.DataSize=SPI_DATASIZE_8BIT
File.Version=6
VP_SYS_VS_Systick.Mode=SysTick
NVIC.NonMaskableInt_IRQn=true\:0\:0\:false\:false\:true\:false\:false
SPI1.VirtualNSS=VM_NSSHARD
NVIC.PendSV_IRQn=true\:0\:0\:false\:false\:true\:false\:false
ProjectManager.FreePins=false
RCC.IPParameters=FamilyName,PLLCLKFreq_Value,PLLMCOFreq_Value,TimSysFreq_Value,VCOOutput2Freq_Value
ProjectManager.AskForMigrate=true
Mcu.Name=STM32F030RCTx
ProjectManager.HalAssertFull=false
ProjectManager.ProjectName=safety-Interchip
ProjectManager.UnderRoot=true
RCC.PLLMCOFreq_Value=16000000
ProjectManager.CoupleFile=true
PA4.Signal=SPI1_NSS
Mcu.Package=LQFP64
PA6.Signal=SPI1_MISO
RCC.TimSysFreq_Value=8000000
PA5.Locked=true
PA7.Locked=true
NVIC.ForceEnableDMAVector=true
KeepUserPlacement=false
ProjectManager.CompilerOptimize=6
ProjectManager.ToolChainLocation=
VP_SYS_VS_Systick.Signal=SYS_VS_Systick
ProjectManager.HeapSize=0x200
NVIC.HardFault_IRQn=true\:0\:0\:false\:false\:true\:false\:false
ProjectManager.ComputerToolchain=false
ProjectManager.CustomerFirmwarePackage=
ProjectManager.DeviceId=STM32F030RCTx
ProjectManager.LibraryCopy=1
PA5.Mode=Full_Duplex_Slave
PA7.Signal=SPI1_MOSI
PA6.Locked=true
isbadioc=false
