#MicroXplorer Configuration settings - do not modify
Mcu.Family=STM32F7
SPI6.Mode=SPI_MODE_MASTER
ProjectManager.MainLocation=Core/Src
RCC.I2SFreq_Value=96000000
SPI6.CLKPhase=SPI_PHASE_2EDGE
PA6.Mode=Full_Duplex_Master
ProjectManager.ProjectFileName=interchip-Autopilot.ioc
NVIC.SPI6_IRQn=true\:0\:0\:false\:false\:true\:true\:true
RCC.SAI1Freq_Value=96000000
PA7.Mode=Full_Duplex_Master
ProjectManager.KeepUserCode=true
Mcu.UserName=STM32F765ZGTx
Mcu.PinsNb=8
ProjectManager.NoMain=false
PG1.Signal=GPIO_Output
RCC.PLLCLKFreq_Value=96000000
PG0.Locked=true
PG1.Locked=true
RCC.PLLQCLKFreq_Value=96000000
PG0.Signal=GPIO_Output
ProjectManager.functionlistsort=1-MX_GPIO_Init-GPIO-false-HAL-true,2-SystemClock_Config-RCC-false-HAL-false,3-MX_SPI6_Init-SPI6-false-HAL-true,0-MX_CORTEX_M7_Init-CORTEX_M7-false-HAL-true
ProjectManager.DefaultFWLocation=true
RCC.PLLI2SRCLKFreq_Value=96000000
ProjectManager.DeletePrevious=true
PinOutPanel.RotationAngle=0
RCC.FamilyName=M
ProjectManager.StackSize=0x400
Mcu.IP4=SYS
Mcu.IP2=RCC
NVIC.SVCall_IRQn=true\:0\:0\:false\:false\:true\:false\:false
Mcu.IP3=SPI6
Mcu.IP0=CORTEX_M7
Mcu.IP1=NVIC
SPI6.CalculateBaudRate=500.0 KBits/s
Mcu.UserConstants=
SPI6.DataSize=SPI_DATASIZE_8BIT
ProjectManager.TargetToolchain=STM32CubeIDE
RCC.SDMMCFreq_Value=16000000
Mcu.ThirdPartyNb=0
Mcu.IPNb=5
ProjectManager.PreviousToolchain=
RCC.SPDIFRXFreq_Value=96000000
SPI6.IPParameters=VirtualType,Mode,Direction,CalculateBaudRate,BaudRatePrescaler,DataSize,CLKPolarity,CLKPhase
SPI6.CLKPolarity=SPI_POLARITY_HIGH
Mcu.Pin6=PE7
RCC.SAI2Freq_Value=96000000
Mcu.Pin7=VP_SYS_VS_Systick
ProjectManager.RegisterCallBack=
RCC.USBFreq_Value=96000000
RCC.VCOSAIOutputFreq_Value=192000000
RCC.PLLSAIoutputFreq_Value=96000000
RCC.LSE_VALUE=32768
Mcu.Pin0=PA4
Mcu.Pin1=PA5
Mcu.Pin2=PA6
Mcu.Pin3=PA7
Mcu.Pin4=PG0
RCC.VCOI2SOutputFreq_Value=192000000
Mcu.Pin5=PG1
PA5.Signal=SPI6_SCK
RCC.PLLSAIRCLKFreq_Value=96000000
ProjectManager.ProjectBuild=false
RCC.HSE_VALUE=25000000
NVIC.UsageFault_IRQn=true\:0\:0\:false\:false\:true\:false\:false
NVIC.DebugMonitor_IRQn=true\:0\:0\:false\:false\:true\:false\:false
RCC.PLLSAIPCLKFreq_Value=96000000
board=custom
PA4.Locked=true
RCC.VCOOutputFreq_Value=192000000
NVIC.SysTick_IRQn=true\:0\:0\:false\:false\:true\:false\:true
ProjectManager.LastFirmware=true
ProjectManager.FirmwarePackage=STM32Cube FW_F7 V1.16.1
MxDb.Version=DB.6.0.21
ProjectManager.BackupPrevious=false
MxCube.Version=6.2.1
RCC.VCOInputFreq_Value=1000000
RCC.PLLI2SPCLKFreq_Value=96000000
RCC.RNGFreq_Value=96000000
File.Version=6
VP_SYS_VS_Systick.Mode=SysTick
SPI6.Direction=SPI_DIRECTION_2LINES
NVIC.NonMaskableInt_IRQn=true\:0\:0\:false\:false\:true\:false\:false
NVIC.PendSV_IRQn=true\:0\:0\:false\:false\:true\:false\:false
PE7.Locked=true
ProjectManager.FreePins=false
RCC.IPParameters=CECFreq_Value,DFSDMFreq_Value,FamilyName,HSE_VALUE,HSI_VALUE,I2SFreq_Value,LSE_VALUE,LSI_VALUE,PLLCLKFreq_Value,PLLI2SPCLKFreq_Value,PLLI2SQCLKFreq_Value,PLLI2SRCLKFreq_Value,PLLQCLKFreq_Value,PLLSAIPCLKFreq_Value,PLLSAIQCLKFreq_Value,PLLSAIRCLKFreq_Value,PLLSAIoutputFreq_Value,RNGFreq_Value,SAI1Freq_Value,SAI2Freq_Value,SDMMC2Freq_Value,SDMMCFreq_Value,SPDIFRXFreq_Value,USBFreq_Value,VCOI2SOutputFreq_Value,VCOInputFreq_Value,VCOOutputFreq_Value,VCOSAIOutputFreq_Value
ProjectManager.AskForMigrate=true
Mcu.Name=STM32F765Z(G-I)Tx
RCC.PLLI2SQCLKFreq_Value=96000000
ProjectManager.HalAssertFull=false
ProjectManager.ProjectName=interchip-Autopilot
ProjectManager.UnderRoot=true
ProjectManager.CoupleFile=true
PA4.Signal=GPIO_Output
Mcu.Package=LQFP144
PA6.Signal=SPI6_MISO
PA5.Locked=true
PA7.Locked=true
NVIC.ForceEnableDMAVector=true
KeepUserPlacement=false
NVIC.MemoryManagement_IRQn=true\:0\:0\:false\:false\:true\:false\:false
ProjectManager.CompilerOptimize=6
ProjectManager.ToolChainLocation=
RCC.LSI_VALUE=32000
VP_SYS_VS_Systick.Signal=SYS_VS_Systick
ProjectManager.HeapSize=0x200
NVIC.HardFault_IRQn=true\:0\:0\:false\:false\:true\:false\:false
RCC.DFSDMFreq_Value=16000000
ProjectManager.ComputerToolchain=false
RCC.HSI_VALUE=16000000
SPI6.BaudRatePrescaler=SPI_BAUDRATEPRESCALER_32
NVIC.PriorityGroup=NVIC_PRIORITYGROUP_4
RCC.CECFreq_Value=32786.88524590164
NVIC.BusFault_IRQn=true\:0\:0\:false\:false\:true\:false\:false
PE7.Signal=GPIO_Output
RCC.SDMMC2Freq_Value=16000000
ProjectManager.CustomerFirmwarePackage=
ProjectManager.DeviceId=STM32F765ZGTx
ProjectManager.LibraryCopy=1
RCC.PLLSAIQCLKFreq_Value=96000000
SPI6.VirtualType=VM_MASTER
PA5.Mode=Full_Duplex_Master
PA7.Signal=SPI6_MOSI
PA6.Locked=true
isbadioc=false
